
Microsoft Visual Studio Solution File, Format Version 12.00
# Visual Studio Version 17
VisualStudioVersion = 17.3.32901.215
MinimumVisualStudioVersion = 10.0.40219.1
Project("{FAE04EC0-301F-11D3-BF4B-00C04F79EFBC}") = "Products_lost_helps", "Products_lost_helps\Products_lost_helps.csproj", "{B4F737DD-A00E-4B47-A163-297A156FDDBD}"
EndProject
Global
	GlobalSection(SolutionConfigurationPlatforms) = preSolution
		Debug|Any CPU = Debug|Any CPU
		Release|Any CPU = Release|Any CPU
	EndGlobalSection
	GlobalSection(ProjectConfigurationPlatforms) = postSolution
		{B4F737DD-A00E-4B47-A163-297A156FDDBD}.Debug|Any CPU.ActiveCfg = Debug|Any CPU
		{B4F737DD-A00E-4B47-A163-297A156FDDBD}.Debug|Any CPU.Build.0 = Debug|Any CPU
		{B4F737DD-A00E-4B47-A163-297A156FDDBD}.Release|Any CPU.ActiveCfg = Release|Any CPU
		{B4F737DD-A00E-4B47-A163-297A156FDDBD}.Release|Any CPU.Build.0 = Release|Any CPU
	EndGlobalSection
	GlobalSection(SolutionProperties) = preSolution
		HideSolutionNode = FALSE
	EndGlobalSection
	GlobalSection(ExtensibilityGlobals) = postSolution
		SolutionGuid = {2CDE08E7-7809-4A7A-A26F-9B8D6C61D604}
	EndGlobalSection
EndGlobal
